// !$*UTF8*$!
{
	archiveVersion = 1;
	classes = {
	};
	objectVersion = 50;
	objects = {

/* Begin PBXBuildFile section */
		945275B5229A1B5200820666 /* Exceptions.cpp in Sources */ = {isa = PBXBuildFile; fileRef = 945275B3229A1B5200820666 /* Exceptions.cpp */; };
		94FBC96E229849260075EE96 /* main.cpp in Sources */ = {isa = PBXBuildFile; fileRef = 94FBC96D229849260075EE96 /* main.cpp */; };
		94FBC97A229863430075EE96 /* User.cpp in Sources */ = {isa = PBXBuildFile; fileRef = 94FBC978229863430075EE96 /* User.cpp */; };
		94FBC97D22986FAB0075EE96 /* FriendRequest.cpp in Sources */ = {isa = PBXBuildFile; fileRef = 94FBC97B22986FAB0075EE96 /* FriendRequest.cpp */; };
		94FBC980229875060075EE96 /* Message.cpp in Sources */ = {isa = PBXBuildFile; fileRef = 94FBC97E229875060075EE96 /* Message.cpp */; };
		94FBC98222987B8A0075EE96 /* Wall.cpp in Sources */ = {isa = PBXBuildFile; fileRef = 94FBC98122987B8A0075EE96 /* Wall.cpp */; };
/* End PBXBuildFile section */

/* Begin PBXCopyFilesBuildPhase section */
		94FBC968229849260075EE96 /* CopyFiles */ = {
			isa = PBXCopyFilesBuildPhase;
			buildActionMask = 2147483647;
			dstPath = /usr/share/man/man1/;
			dstSubfolderSpec = 0;
			files = (
			);
			runOnlyForDeploymentPostprocessing = 1;
		};
/* End PBXCopyFilesBuildPhase section */

/* Begin PBXFileReference section */
		945275B3229A1B5200820666 /* Exceptions.cpp */ = {isa = PBXFileReference; lastKnownFileType = sourcecode.cpp.cpp; path = Exceptions.cpp; sourceTree = "<group>"; };
		945275B4229A1B5200820666 /* Exceptions.hpp */ = {isa = PBXFileReference; lastKnownFileType = sourcecode.cpp.h; path = Exceptions.hpp; sourceTree = "<group>"; };
		94FBC96A229849260075EE96 /* TheSocialNetwork */ = {isa = PBXFileReference; explicitFileType = "compiled.mach-o.executable"; includeInIndex = 0; path = TheSocialNetwork; sourceTree = BUILT_PRODUCTS_DIR; };
		94FBC96D229849260075EE96 /* main.cpp */ = {isa = PBXFileReference; lastKnownFileType = sourcecode.cpp.cpp; path = main.cpp; sourceTree = "<group>"; };
		94FBC978229863430075EE96 /* User.cpp */ = {isa = PBXFileReference; lastKnownFileType = sourcecode.cpp.cpp; path = User.cpp; sourceTree = "<group>"; };
		94FBC979229863430075EE96 /* User.hpp */ = {isa = PBXFileReference; lastKnownFileType = sourcecode.cpp.h; path = User.hpp; sourceTree = "<group>"; };
		94FBC97B22986FAB0075EE96 /* FriendRequest.cpp */ = {isa = PBXFileReference; lastKnownFileType = sourcecode.cpp.cpp; path = FriendRequest.cpp; sourceTree = "<group>"; };
		94FBC97E229875060075EE96 /* Message.cpp */ = {isa = PBXFileReference; fileEncoding = 4; lastKnownFileType = sourcecode.cpp.cpp; path = Message.cpp; sourceTree = "<group>"; };
		94FBC97F229875060075EE96 /* Message.hpp */ = {isa = PBXFileReference; fileEncoding = 4; lastKnownFileType = sourcecode.cpp.h; path = Message.hpp; sourceTree = "<group>"; };
		94FBC98122987B8A0075EE96 /* Wall.cpp */ = {isa = PBXFileReference; fileEncoding = 4; lastKnownFileType = sourcecode.cpp.cpp; path = Wall.cpp; sourceTree = "<group>"; };
		94FBC98322987BA80075EE96 /* Wall.hpp */ = {isa = PBXFileReference; lastKnownFileType = sourcecode.cpp.h; path = Wall.hpp; sourceTree = "<group>"; };
		94FBC98522988D5C0075EE96 /* FriendRequest.hpp */ = {isa = PBXFileReference; fileEncoding = 4; lastKnownFileType = sourcecode.cpp.h; path = FriendRequest.hpp; sourceTree = "<group>"; };
/* End PBXFileReference section */

/* Begin PBXFrameworksBuildPhase section */
		94FBC967229849260075EE96 /* Frameworks */ = {
			isa = PBXFrameworksBuildPhase;
			buildActionMask = 2147483647;
			files = (
			);
			runOnlyForDeploymentPostprocessing = 0;
		};
/* End PBXFrameworksBuildPhase section */

/* Begin PBXGroup section */
		94FBC961229849260075EE96 = {
			isa = PBXGroup;
			children = (
				94FBC96C229849260075EE96 /* TheSocialNetwork */,
				94FBC96B229849260075EE96 /* Products */,
			);
			sourceTree = "<group>";
		};
		94FBC96B229849260075EE96 /* Products */ = {
			isa = PBXGroup;
			children = (
				94FBC96A229849260075EE96 /* TheSocialNetwork */,
			);
			name = Products;
			sourceTree = "<group>";
		};
		94FBC96C229849260075EE96 /* TheSocialNetwork */ = {
			isa = PBXGroup;
			children = (
				94FBC97E229875060075EE96 /* Message.cpp */,
				94FBC97F229875060075EE96 /* Message.hpp */,
				94FBC96D229849260075EE96 /* main.cpp */,
				945275B3229A1B5200820666 /* Exceptions.cpp */,
				945275B4229A1B5200820666 /* Exceptions.hpp */,
				94FBC97B22986FAB0075EE96 /* FriendRequest.cpp */,
				94FBC98522988D5C0075EE96 /* FriendRequest.hpp */,
				94FBC978229863430075EE96 /* User.cpp */,
				94FBC979229863430075EE96 /* User.hpp */,
				94FBC98122987B8A0075EE96 /* Wall.cpp */,
				94FBC98322987BA80075EE96 /* Wall.hpp */,
			);
			path = TheSocialNetwork;
			sourceTree = "<group>";
		};
/* End PBXGroup section */

/* Begin PBXNativeTarget section */
		94FBC969229849260075EE96 /* TheSocialNetwork */ = {
			isa = PBXNativeTarget;
			buildConfigurationList = 94FBC971229849260075EE96 /* Build configuration list for PBXNativeTarget "TheSocialNetwork" */;
			buildPhases = (
				94FBC966229849260075EE96 /* Sources */,
				94FBC967229849260075EE96 /* Frameworks */,
				94FBC968229849260075EE96 /* CopyFiles */,
			);
			buildRules = (
			);
			dependencies = (
			);
			name = TheSocialNetwork;
			productName = TheSocialNetwork;
			productReference = 94FBC96A229849260075EE96 /* TheSocialNetwork */;
			productType = "com.apple.product-type.tool";
		};
/* End PBXNativeTarget section */

/* Begin PBXProject section */
		94FBC962229849260075EE96 /* Project object */ = {
			isa = PBXProject;
			attributes = {
				LastUpgradeCheck = 1020;
				ORGANIZATIONNAME = "Γιαννης Λουδαρος";
				TargetAttributes = {
					94FBC969229849260075EE96 = {
						CreatedOnToolsVersion = 10.2.1;
					};
				};
			};
			buildConfigurationList = 94FBC965229849260075EE96 /* Build configuration list for PBXProject "TheSocialNetwork" */;
			compatibilityVersion = "Xcode 9.3";
			developmentRegion = en;
			hasScannedForEncodings = 0;
			knownRegions = (
				en,
			);
			mainGroup = 94FBC961229849260075EE96;
			productRefGroup = 94FBC96B229849260075EE96 /* Products */;
			projectDirPath = "";
			projectRoot = "";
			targets = (
				94FBC969229849260075EE96 /* TheSocialNetwork */,
			);
		};
/* End PBXProject section */

/* Begin PBXSourcesBuildPhase section */
		94FBC966229849260075EE96 /* Sources */ = {
			isa = PBXSourcesBuildPhase;
			buildActionMask = 2147483647;
			files = (
				94FBC97A229863430075EE96 /* User.cpp in Sources */,
				94FBC980229875060075EE96 /* Message.cpp in Sources */,
				94FBC97D22986FAB0075EE96 /* FriendRequest.cpp in Sources */,
				94FBC96E229849260075EE96 /* main.cpp in Sources */,
				94FBC98222987B8A0075EE96 /* Wall.cpp in Sources */,
				945275B5229A1B5200820666 /* Exceptions.cpp in Sources */,
			);
			runOnlyForDeploymentPostprocessing = 0;
		};
/* End PBXSourcesBuildPhase section */

/* Begin XCBuildConfiguration section */
		94FBC96F229849260075EE96 /* Debug */ = {
			isa = XCBuildConfiguration;
			buildSettings = {
				ALWAYS_SEARCH_USER_PATHS = NO;
				CLANG_ANALYZER_NONNULL = YES;
				CLANG_ANALYZER_NUMBER_OBJECT_CONVERSION = YES_AGGRESSIVE;
				CLANG_CXX_LANGUAGE_STANDARD = "gnu++14";
				CLANG_CXX_LIBRARY = "libc++";
				CLANG_ENABLE_MODULES = YES;
				CLANG_ENABLE_OBJC_ARC = YES;
				CLANG_ENABLE_OBJC_WEAK = YES;
				CLANG_WARN_BLOCK_CAPTURE_AUTORELEASING = YES;
				CLANG_WARN_BOOL_CONVERSION = YES;
				CLANG_WARN_COMMA = YES;
				CLANG_WARN_CONSTANT_CONVERSION = YES;
				CLANG_WARN_DEPRECATED_OBJC_IMPLEMENTATIONS = YES;
				CLANG_WARN_DIRECT_OBJC_ISA_USAGE = YES_ERROR;
				CLANG_WARN_DOCUMENTATION_COMMENTS = YES;
				CLANG_WARN_EMPTY_BODY = YES;
				CLANG_WARN_ENUM_CONVERSION = YES;
				CLANG_WARN_INFINITE_RECURSION = YES;
				CLANG_WARN_INT_CONVERSION = YES;
				CLANG_WARN_NON_LITERAL_NULL_CONVERSION = YES;
				CLANG_WARN_OBJC_IMPLICIT_RETAIN_SELF = YES;
				CLANG_WARN_OBJC_LITERAL_CONVERSION = YES;
				CLANG_WARN_OBJC_ROOT_CLASS = YES_ERROR;
				CLANG_WARN_RANGE_LOOP_ANALYSIS = YES;
				CLANG_WARN_STRICT_PROTOTYPES = YES;
				CLANG_WARN_SUSPICIOUS_MOVE = YES;
				CLANG_WARN_UNGUARDED_AVAILABILITY = YES_AGGRESSIVE;
				CLANG_WARN_UNREACHABLE_CODE = YES;
				CLANG_WARN__DUPLICATE_METHOD_MATCH = YES;
				CODE_SIGN_IDENTITY = "-";
				COPY_PHASE_STRIP = NO;
				DEBUG_INFORMATION_FORMAT = dwarf;
				ENABLE_STRICT_OBJC_MSGSEND = YES;
				ENABLE_TESTABILITY = YES;
				GCC_C_LANGUAGE_STANDARD = gnu11;
				GCC_DYNAMIC_NO_PIC = NO;
				GCC_NO_COMMON_BLOCKS = YES;
				GCC_OPTIMIZATION_LEVEL = 0;
				GCC_PREPROCESSOR_DEFINITIONS = (
					"DEBUG=1",
					"$(inherited)",
				);
				GCC_WARN_64_TO_32_BIT_CONVERSION = YES;
				GCC_WARN_ABOUT_RETURN_TYPE = YES_ERROR;
				GCC_WARN_UNDECLARED_SELECTOR = YES;
				GCC_WARN_UNINITIALIZED_AUTOS = YES_AGGRESSIVE;
				GCC_WARN_UNUSED_FUNCTION = YES;
				GCC_WARN_UNUSED_VARIABLE = YES;
				MACOSX_DEPLOYMENT_TARGET = 10.14;
				MTL_ENABLE_DEBUG_INFO = INCLUDE_SOURCE;
				MTL_FAST_MATH = YES;
				ONLY_ACTIVE_ARCH = YES;
				SDKROOT = macosx;
			};
			name = Debug;
		};
		94FBC970229849260075EE96 /* Release */ = {
			isa = XCBuildConfiguration;
			buildSettings = {
				ALWAYS_SEARCH_USER_PATHS = NO;
				CLANG_ANALYZER_NONNULL = YES;
				CLANG_ANALYZER_NUMBER_OBJECT_CONVERSION = YES_AGGRESSIVE;
				CLANG_CXX_LANGUAGE_STANDARD = "gnu++14";
				CLANG_CXX_LIBRARY = "libc++";
				CLANG_ENABLE_MODULES = YES;
				CLANG_ENABLE_OBJC_ARC = YES;
				CLANG_ENABLE_OBJC_WEAK = YES;
				CLANG_WARN_BLOCK_CAPTURE_AUTORELEASING = YES;
				CLANG_WARN_BOOL_CONVERSION = YES;
				CLANG_WARN_COMMA = YES;
				CLANG_WARN_CONSTANT_CONVERSION = YES;
				CLANG_WARN_DEPRECATED_OBJC_IMPLEMENTATIONS = YES;
				CLANG_WARN_DIRECT_OBJC_ISA_USAGE = YES_ERROR;
				CLANG_WARN_DOCUMENTATION_COMMENTS = YES;
				CLANG_WARN_EMPTY_BODY = YES;
				CLANG_WARN_ENUM_CONVERSION = YES;
				CLANG_WARN_INFINITE_RECURSION = YES;
				CLANG_WARN_INT_CONVERSION = YES;
				CLANG_WARN_NON_LITERAL_NULL_CONVERSION = YES;
				CLANG_WARN_OBJC_IMPLICIT_RETAIN_SELF = YES;
				CLANG_WARN_OBJC_LITERAL_CONVERSION = YES;
				CLANG_WARN_OBJC_ROOT_CLASS = YES_ERROR;
				CLANG_WARN_RANGE_LOOP_ANALYSIS = YES;
				CLANG_WARN_STRICT_PROTOTYPES = YES;
				CLANG_WARN_SUSPICIOUS_MOVE = YES;
				CLANG_WARN_UNGUARDED_AVAILABILITY = YES_AGGRESSIVE;
				CLANG_WARN_UNREACHABLE_CODE = YES;
				CLANG_WARN__DUPLICATE_METHOD_MATCH = YES;
				CODE_SIGN_IDENTITY = "-";
				COPY_PHASE_STRIP = NO;
				DEBUG_INFORMATION_FORMAT = "dwarf-with-dsym";
				ENABLE_NS_ASSERTIONS = NO;
				ENABLE_STRICT_OBJC_MSGSEND = YES;
				GCC_C_LANGUAGE_STANDARD = gnu11;
				GCC_NO_COMMON_BLOCKS = YES;
				GCC_WARN_64_TO_32_BIT_CONVERSION = YES;
				GCC_WARN_ABOUT_RETURN_TYPE = YES_ERROR;
				GCC_WARN_UNDECLARED_SELECTOR = YES;
				GCC_WARN_UNINITIALIZED_AUTOS = YES_AGGRESSIVE;
				GCC_WARN_UNUSED_FUNCTION = YES;
				GCC_WARN_UNUSED_VARIABLE = YES;
				MACOSX_DEPLOYMENT_TARGET = 10.14;
				MTL_ENABLE_DEBUG_INFO = NO;
				MTL_FAST_MATH = YES;
				SDKROOT = macosx;
			};
			name = Release;
		};
		94FBC972229849260075EE96 /* Debug */ = {
			isa = XCBuildConfiguration;
			buildSettings = {
				CODE_SIGN_STYLE = Automatic;
				PRODUCT_NAME = "$(TARGET_NAME)";
			};
			name = Debug;
		};
		94FBC973229849260075EE96 /* Release */ = {
			isa = XCBuildConfiguration;
			buildSettings = {
				CODE_SIGN_STYLE = Automatic;
				PRODUCT_NAME = "$(TARGET_NAME)";
			};
			name = Release;
		};
/* End XCBuildConfiguration section */

/* Begin XCConfigurationList section */
		94FBC965229849260075EE96 /* Build configuration list for PBXProject "TheSocialNetwork" */ = {
			isa = XCConfigurationList;
			buildConfigurations = (
				94FBC96F229849260075EE96 /* Debug */,
				94FBC970229849260075EE96 /* Release */,
			);
			defaultConfigurationIsVisible = 0;
			defaultConfigurationName = Release;
		};
		94FBC971229849260075EE96 /* Build configuration list for PBXNativeTarget "TheSocialNetwork" */ = {
			isa = XCConfigurationList;
			buildConfigurations = (
				94FBC972229849260075EE96 /* Debug */,
				94FBC973229849260075EE96 /* Release */,
			);
			defaultConfigurationIsVisible = 0;
			defaultConfigurationName = Release;
		};
/* End XCConfigurationList section */
	};
	rootObject = 94FBC962229849260075EE96 /* Project object */;
}
